// !$*UTF8*$!
{
	archiveVersion = 1;
	classes = {
	};
	objectVersion = 48;
	objects = {

/* Begin PBXBuildFile section */
		1AEBD485B9805FFF6B2D8D5C /* Pods_NimbleTests.framework in Frameworks */ = {isa = PBXBuildFile; fileRef = BB650C40F1630EFC000081AF /* Pods_NimbleTests.framework */; };
		A5B4363C9A517A4286A9AEE0 /* Pods_Nimble.framework in Frameworks */ = {isa = PBXBuildFile; fileRef = 77BC61D8C401117B54EE6D72 /* Pods_Nimble.framework */; };
		AF0C872D1F85465500F7FF4A /* AppDelegate.swift in Sources */ = {isa = PBXBuildFile; fileRef = AF0C872C1F85465500F7FF4A /* AppDelegate.swift */; };
		AF0C872F1F85465500F7FF4A /* ViewController.swift in Sources */ = {isa = PBXBuildFile; fileRef = AF0C872E1F85465500F7FF4A /* ViewController.swift */; };
		AF0C87321F85465500F7FF4A /* Main.storyboard in Resources */ = {isa = PBXBuildFile; fileRef = AF0C87301F85465500F7FF4A /* Main.storyboard */; };
		AF0C87341F85465500F7FF4A /* Assets.xcassets in Resources */ = {isa = PBXBuildFile; fileRef = AF0C87331F85465500F7FF4A /* Assets.xcassets */; };
		AF0C87371F85465500F7FF4A /* LaunchScreen.storyboard in Resources */ = {isa = PBXBuildFile; fileRef = AF0C87351F85465500F7FF4A /* LaunchScreen.storyboard */; };
		AF0C87421F85465600F7FF4A /* NimbleTests.swift in Sources */ = {isa = PBXBuildFile; fileRef = AF0C87411F85465600F7FF4A /* NimbleTests.swift */; };
		AF0C87551F855C4D00F7FF4A /* Auth.swift in Sources */ = {isa = PBXBuildFile; fileRef = AF0C874E1F855C4C00F7FF4A /* Auth.swift */; };
		AF0C87561F855C4D00F7FF4A /* AuthAPIStore.swift in Sources */ = {isa = PBXBuildFile; fileRef = AF0C874F1F855C4C00F7FF4A /* AuthAPIStore.swift */; };
		AF0C87571F855C4D00F7FF4A /* AuthInteractor.swift in Sources */ = {isa = PBXBuildFile; fileRef = AF0C87501F855C4C00F7FF4A /* AuthInteractor.swift */; };
		AF0C87581F855C4D00F7FF4A /* AuthPresenter.swift in Sources */ = {isa = PBXBuildFile; fileRef = AF0C87511F855C4C00F7FF4A /* AuthPresenter.swift */; };
		AF0C87591F855C4D00F7FF4A /* AuthRouter.swift in Sources */ = {isa = PBXBuildFile; fileRef = AF0C87521F855C4C00F7FF4A /* AuthRouter.swift */; };
		AF0C875A1F855C4D00F7FF4A /* AuthWorker.swift in Sources */ = {isa = PBXBuildFile; fileRef = AF0C87531F855C4C00F7FF4A /* AuthWorker.swift */; };
		AF0C875B1F855C4D00F7FF4A /* SessionModel.swift in Sources */ = {isa = PBXBuildFile; fileRef = AF0C87541F855C4C00F7FF4A /* SessionModel.swift */; };
		AF0C875E1F855CDB00F7FF4A /* NetworkOperation.swift in Sources */ = {isa = PBXBuildFile; fileRef = AF0C875D1F855CDB00F7FF4A /* NetworkOperation.swift */; };
		AF0C87601F855E5500F7FF4A /* Login.swift in Sources */ = {isa = PBXBuildFile; fileRef = AF0C875F1F855E5400F7FF4A /* Login.swift */; };
		AF0C87691F85779700F7FF4A /* GetSurvey.swift in Sources */ = {isa = PBXBuildFile; fileRef = AF0C87621F85779700F7FF4A /* GetSurvey.swift */; };
		AF0C876A1F85779700F7FF4A /* ListSurvey.swift in Sources */ = {isa = PBXBuildFile; fileRef = AF0C87631F85779700F7FF4A /* ListSurvey.swift */; };
		AF0C876B1F85779700F7FF4A /* ListSurveyInteractor.swift in Sources */ = {isa = PBXBuildFile; fileRef = AF0C87641F85779700F7FF4A /* ListSurveyInteractor.swift */; };
		AF0C876C1F85779700F7FF4A /* ListSurveyPresenter.swift in Sources */ = {isa = PBXBuildFile; fileRef = AF0C87651F85779700F7FF4A /* ListSurveyPresenter.swift */; };
		AF0C876D1F85779700F7FF4A /* ListSurveyWorker.swift in Sources */ = {isa = PBXBuildFile; fileRef = AF0C87661F85779700F7FF4A /* ListSurveyWorker.swift */; };
		AF0C876E1F85779700F7FF4A /* SurveyAPIStore.swift in Sources */ = {isa = PBXBuildFile; fileRef = AF0C87671F85779700F7FF4A /* SurveyAPIStore.swift */; };
		AF0C876F1F85779700F7FF4A /* SurveyModel.swift in Sources */ = {isa = PBXBuildFile; fileRef = AF0C87681F85779700F7FF4A /* SurveyModel.swift */; };
		AF6440F31F85EA4E00A039D2 /* SurveyView.xib in Resources */ = {isa = PBXBuildFile; fileRef = AF6440F21F85EA4E00A039D2 /* SurveyView.xib */; };
		AF6440F51F85F67B00A039D2 /* SurveyView.swift in Sources */ = {isa = PBXBuildFile; fileRef = AF6440F41F85F67B00A039D2 /* SurveyView.swift */; };
/* End PBXBuildFile section */

/* Begin PBXContainerItemProxy section */
		AF0C873E1F85465600F7FF4A /* PBXContainerItemProxy */ = {
			isa = PBXContainerItemProxy;
			containerPortal = AF0C87211F85465500F7FF4A /* Project object */;
			proxyType = 1;
			remoteGlobalIDString = AF0C87281F85465500F7FF4A;
			remoteInfo = Nimble;
		};
/* End PBXContainerItemProxy section */

/* Begin PBXFileReference section */
		05094D521F850CA220138248 /* Pods-NimbleTests.release.xcconfig */ = {isa = PBXFileReference; includeInIndex = 1; lastKnownFileType = text.xcconfig; name = "Pods-NimbleTests.release.xcconfig"; path = "Pods/Target Support Files/Pods-NimbleTests/Pods-NimbleTests.release.xcconfig"; sourceTree = "<group>"; };
		495C8C485164EF7146D43430 /* Pods-NimbleTests.debug.xcconfig */ = {isa = PBXFileReference; includeInIndex = 1; lastKnownFileType = text.xcconfig; name = "Pods-NimbleTests.debug.xcconfig"; path = "Pods/Target Support Files/Pods-NimbleTests/Pods-NimbleTests.debug.xcconfig"; sourceTree = "<group>"; };
		77BC61D8C401117B54EE6D72 /* Pods_Nimble.framework */ = {isa = PBXFileReference; explicitFileType = wrapper.framework; includeInIndex = 0; path = Pods_Nimble.framework; sourceTree = BUILT_PRODUCTS_DIR; };
		9CF47C1357340390E0D326D5 /* Pods-Nimble.release.xcconfig */ = {isa = PBXFileReference; includeInIndex = 1; lastKnownFileType = text.xcconfig; name = "Pods-Nimble.release.xcconfig"; path = "Pods/Target Support Files/Pods-Nimble/Pods-Nimble.release.xcconfig"; sourceTree = "<group>"; };
		AF0C87291F85465500F7FF4A /* Nimble.app */ = {isa = PBXFileReference; explicitFileType = wrapper.application; includeInIndex = 0; path = Nimble.app; sourceTree = BUILT_PRODUCTS_DIR; };
		AF0C872C1F85465500F7FF4A /* AppDelegate.swift */ = {isa = PBXFileReference; lastKnownFileType = sourcecode.swift; path = AppDelegate.swift; sourceTree = "<group>"; };
		AF0C872E1F85465500F7FF4A /* ViewController.swift */ = {isa = PBXFileReference; lastKnownFileType = sourcecode.swift; path = ViewController.swift; sourceTree = "<group>"; };
		AF0C87311F85465500F7FF4A /* Base */ = {isa = PBXFileReference; lastKnownFileType = file.storyboard; name = Base; path = Base.lproj/Main.storyboard; sourceTree = "<group>"; };
		AF0C87331F85465500F7FF4A /* Assets.xcassets */ = {isa = PBXFileReference; lastKnownFileType = folder.assetcatalog; path = Assets.xcassets; sourceTree = "<group>"; };
		AF0C87361F85465500F7FF4A /* Base */ = {isa = PBXFileReference; lastKnownFileType = file.storyboard; name = Base; path = Base.lproj/LaunchScreen.storyboard; sourceTree = "<group>"; };
		AF0C87381F85465500F7FF4A /* Info.plist */ = {isa = PBXFileReference; lastKnownFileType = text.plist.xml; path = Info.plist; sourceTree = "<group>"; };
		AF0C873D1F85465600F7FF4A /* NimbleTests.xctest */ = {isa = PBXFileReference; explicitFileType = wrapper.cfbundle; includeInIndex = 0; path = NimbleTests.xctest; sourceTree = BUILT_PRODUCTS_DIR; };
		AF0C87411F85465600F7FF4A /* NimbleTests.swift */ = {isa = PBXFileReference; lastKnownFileType = sourcecode.swift; path = NimbleTests.swift; sourceTree = "<group>"; };
		AF0C87431F85465600F7FF4A /* Info.plist */ = {isa = PBXFileReference; lastKnownFileType = text.plist.xml; path = Info.plist; sourceTree = "<group>"; };
		AF0C874E1F855C4C00F7FF4A /* Auth.swift */ = {isa = PBXFileReference; fileEncoding = 4; lastKnownFileType = sourcecode.swift; path = Auth.swift; sourceTree = "<group>"; };
		AF0C874F1F855C4C00F7FF4A /* AuthAPIStore.swift */ = {isa = PBXFileReference; fileEncoding = 4; lastKnownFileType = sourcecode.swift; path = AuthAPIStore.swift; sourceTree = "<group>"; };
		AF0C87501F855C4C00F7FF4A /* AuthInteractor.swift */ = {isa = PBXFileReference; fileEncoding = 4; lastKnownFileType = sourcecode.swift; path = AuthInteractor.swift; sourceTree = "<group>"; };
		AF0C87511F855C4C00F7FF4A /* AuthPresenter.swift */ = {isa = PBXFileReference; fileEncoding = 4; lastKnownFileType = sourcecode.swift; path = AuthPresenter.swift; sourceTree = "<group>"; };
		AF0C87521F855C4C00F7FF4A /* AuthRouter.swift */ = {isa = PBXFileReference; fileEncoding = 4; lastKnownFileType = sourcecode.swift; path = AuthRouter.swift; sourceTree = "<group>"; };
		AF0C87531F855C4C00F7FF4A /* AuthWorker.swift */ = {isa = PBXFileReference; fileEncoding = 4; lastKnownFileType = sourcecode.swift; path = AuthWorker.swift; sourceTree = "<group>"; };
		AF0C87541F855C4C00F7FF4A /* SessionModel.swift */ = {isa = PBXFileReference; fileEncoding = 4; lastKnownFileType = sourcecode.swift; path = SessionModel.swift; sourceTree = "<group>"; };
		AF0C875D1F855CDB00F7FF4A /* NetworkOperation.swift */ = {isa = PBXFileReference; fileEncoding = 4; lastKnownFileType = sourcecode.swift; path = NetworkOperation.swift; sourceTree = "<group>"; };
		AF0C875F1F855E5400F7FF4A /* Login.swift */ = {isa = PBXFileReference; fileEncoding = 4; lastKnownFileType = sourcecode.swift; path = Login.swift; sourceTree = "<group>"; };
		AF0C87621F85779700F7FF4A /* GetSurvey.swift */ = {isa = PBXFileReference; fileEncoding = 4; lastKnownFileType = sourcecode.swift; path = GetSurvey.swift; sourceTree = "<group>"; };
		AF0C87631F85779700F7FF4A /* ListSurvey.swift */ = {isa = PBXFileReference; fileEncoding = 4; lastKnownFileType = sourcecode.swift; path = ListSurvey.swift; sourceTree = "<group>"; };
		AF0C87641F85779700F7FF4A /* ListSurveyInteractor.swift */ = {isa = PBXFileReference; fileEncoding = 4; lastKnownFileType = sourcecode.swift; path = ListSurveyInteractor.swift; sourceTree = "<group>"; };
		AF0C87651F85779700F7FF4A /* ListSurveyPresenter.swift */ = {isa = PBXFileReference; fileEncoding = 4; lastKnownFileType = sourcecode.swift; path = ListSurveyPresenter.swift; sourceTree = "<group>"; };
		AF0C87661F85779700F7FF4A /* ListSurveyWorker.swift */ = {isa = PBXFileReference; fileEncoding = 4; lastKnownFileType = sourcecode.swift; path = ListSurveyWorker.swift; sourceTree = "<group>"; };
		AF0C87671F85779700F7FF4A /* SurveyAPIStore.swift */ = {isa = PBXFileReference; fileEncoding = 4; lastKnownFileType = sourcecode.swift; path = SurveyAPIStore.swift; sourceTree = "<group>"; };
		AF0C87681F85779700F7FF4A /* SurveyModel.swift */ = {isa = PBXFileReference; fileEncoding = 4; lastKnownFileType = sourcecode.swift; path = SurveyModel.swift; sourceTree = "<group>"; };
		AF6440F21F85EA4E00A039D2 /* SurveyView.xib */ = {isa = PBXFileReference; fileEncoding = 4; lastKnownFileType = file.xib; path = SurveyView.xib; sourceTree = "<group>"; };
		AF6440F41F85F67B00A039D2 /* SurveyView.swift */ = {isa = PBXFileReference; lastKnownFileType = sourcecode.swift; path = SurveyView.swift; sourceTree = "<group>"; };
		BB650C40F1630EFC000081AF /* Pods_NimbleTests.framework */ = {isa = PBXFileReference; explicitFileType = wrapper.framework; includeInIndex = 0; path = Pods_NimbleTests.framework; sourceTree = BUILT_PRODUCTS_DIR; };
		C1823DF4AA0992B2F0EB8381 /* Pods-Nimble.debug.xcconfig */ = {isa = PBXFileReference; includeInIndex = 1; lastKnownFileType = text.xcconfig; name = "Pods-Nimble.debug.xcconfig"; path = "Pods/Target Support Files/Pods-Nimble/Pods-Nimble.debug.xcconfig"; sourceTree = "<group>"; };
/* End PBXFileReference section */

/* Begin PBXFrameworksBuildPhase section */
		AF0C87261F85465500F7FF4A /* Frameworks */ = {
			isa = PBXFrameworksBuildPhase;
			buildActionMask = 2147483647;
			files = (
				A5B4363C9A517A4286A9AEE0 /* Pods_Nimble.framework in Frameworks */,
			);
			runOnlyForDeploymentPostprocessing = 0;
		};
		AF0C873A1F85465600F7FF4A /* Frameworks */ = {
			isa = PBXFrameworksBuildPhase;
			buildActionMask = 2147483647;
			files = (
				1AEBD485B9805FFF6B2D8D5C /* Pods_NimbleTests.framework in Frameworks */,
			);
			runOnlyForDeploymentPostprocessing = 0;
		};
/* End PBXFrameworksBuildPhase section */

/* Begin PBXGroup section */
		01B2114151E4A983DC777D0B /* Pods */ = {
			isa = PBXGroup;
			children = (
				C1823DF4AA0992B2F0EB8381 /* Pods-Nimble.debug.xcconfig */,
				9CF47C1357340390E0D326D5 /* Pods-Nimble.release.xcconfig */,
				495C8C485164EF7146D43430 /* Pods-NimbleTests.debug.xcconfig */,
				05094D521F850CA220138248 /* Pods-NimbleTests.release.xcconfig */,
			);
			name = Pods;
			sourceTree = "<group>";
		};
		049B77AAC28AB9E649B26712 /* Frameworks */ = {
			isa = PBXGroup;
			children = (
				77BC61D8C401117B54EE6D72 /* Pods_Nimble.framework */,
				BB650C40F1630EFC000081AF /* Pods_NimbleTests.framework */,
			);
			name = Frameworks;
			sourceTree = "<group>";
		};
		AF0C87201F85465500F7FF4A = {
			isa = PBXGroup;
			children = (
				AF0C872B1F85465500F7FF4A /* Nimble */,
				AF0C87401F85465600F7FF4A /* NimbleTests */,
				AF0C872A1F85465500F7FF4A /* Products */,
				01B2114151E4A983DC777D0B /* Pods */,
				049B77AAC28AB9E649B26712 /* Frameworks */,
			);
			sourceTree = "<group>";
		};
		AF0C872A1F85465500F7FF4A /* Products */ = {
			isa = PBXGroup;
			children = (
				AF0C87291F85465500F7FF4A /* Nimble.app */,
				AF0C873D1F85465600F7FF4A /* NimbleTests.xctest */,
			);
			name = Products;
			sourceTree = "<group>";
		};
		AF0C872B1F85465500F7FF4A /* Nimble */ = {
			isa = PBXGroup;
			children = (
				AF0C875C1F855CDB00F7FF4A /* Base */,
				AF0C874C1F855C4C00F7FF4A /* Scenes */,
				AF0C872C1F85465500F7FF4A /* AppDelegate.swift */,
				AF0C872E1F85465500F7FF4A /* ViewController.swift */,
				AF0C87301F85465500F7FF4A /* Main.storyboard */,
				AF0C87331F85465500F7FF4A /* Assets.xcassets */,
				AF0C87351F85465500F7FF4A /* LaunchScreen.storyboard */,
				AF0C87381F85465500F7FF4A /* Info.plist */,
			);
			path = Nimble;
			sourceTree = "<group>";
		};
		AF0C87401F85465600F7FF4A /* NimbleTests */ = {
			isa = PBXGroup;
			children = (
				AF0C87411F85465600F7FF4A /* NimbleTests.swift */,
				AF0C87431F85465600F7FF4A /* Info.plist */,
			);
			path = NimbleTests;
			sourceTree = "<group>";
		};
		AF0C874C1F855C4C00F7FF4A /* Scenes */ = {
			isa = PBXGroup;
			children = (
				AF0C87611F85779700F7FF4A /* Survey */,
				AF0C874D1F855C4C00F7FF4A /* Auth */,
			);
			path = Scenes;
			sourceTree = "<group>";
		};
		AF0C874D1F855C4C00F7FF4A /* Auth */ = {
			isa = PBXGroup;
			children = (
				AF0C875F1F855E5400F7FF4A /* Login.swift */,
				AF0C874E1F855C4C00F7FF4A /* Auth.swift */,
				AF0C874F1F855C4C00F7FF4A /* AuthAPIStore.swift */,
				AF0C87501F855C4C00F7FF4A /* AuthInteractor.swift */,
				AF0C87511F855C4C00F7FF4A /* AuthPresenter.swift */,
				AF0C87521F855C4C00F7FF4A /* AuthRouter.swift */,
				AF0C87531F855C4C00F7FF4A /* AuthWorker.swift */,
				AF0C87541F855C4C00F7FF4A /* SessionModel.swift */,
			);
			path = Auth;
			sourceTree = "<group>";
		};
		AF0C875C1F855CDB00F7FF4A /* Base */ = {
			isa = PBXGroup;
			children = (
				AF0C875D1F855CDB00F7FF4A /* NetworkOperation.swift */,
			);
			path = Base;
			sourceTree = "<group>";
		};
		AF0C87611F85779700F7FF4A /* Survey */ = {
			isa = PBXGroup;
			children = (
				AF6440F21F85EA4E00A039D2 /* SurveyView.xib */,
				AF0C87621F85779700F7FF4A /* GetSurvey.swift */,
				AF0C87631F85779700F7FF4A /* ListSurvey.swift */,
				AF0C87641F85779700F7FF4A /* ListSurveyInteractor.swift */,
				AF0C87651F85779700F7FF4A /* ListSurveyPresenter.swift */,
				AF0C87661F85779700F7FF4A /* ListSurveyWorker.swift */,
				AF0C87671F85779700F7FF4A /* SurveyAPIStore.swift */,
				AF0C87681F85779700F7FF4A /* SurveyModel.swift */,
				AF6440F41F85F67B00A039D2 /* SurveyView.swift */,
			);
			path = Survey;
			sourceTree = "<group>";
		};
/* End PBXGroup section */

/* Begin PBXNativeTarget section */
		AF0C87281F85465500F7FF4A /* Nimble */ = {
			isa = PBXNativeTarget;
			buildConfigurationList = AF0C87461F85465600F7FF4A /* Build configuration list for PBXNativeTarget "Nimble" */;
			buildPhases = (
				EE2B3450A134D74B7934B9B3 /* [CP] Check Pods Manifest.lock */,
				AF0C87251F85465500F7FF4A /* Sources */,
				AF0C87261F85465500F7FF4A /* Frameworks */,
				AF0C87271F85465500F7FF4A /* Resources */,
				8EC4927BD07039B82CD0BCDE /* [CP] Embed Pods Frameworks */,
				AC3BDD4109E7B1CC5B276FDF /* [CP] Copy Pods Resources */,
			);
			buildRules = (
			);
			dependencies = (
			);
			name = Nimble;
			productName = Nimble;
			productReference = AF0C87291F85465500F7FF4A /* Nimble.app */;
			productType = "com.apple.product-type.application";
		};
		AF0C873C1F85465600F7FF4A /* NimbleTests */ = {
			isa = PBXNativeTarget;
			buildConfigurationList = AF0C87491F85465600F7FF4A /* Build configuration list for PBXNativeTarget "NimbleTests" */;
			buildPhases = (
				AD02FED95BDB5CDE8C9C06E0 /* [CP] Check Pods Manifest.lock */,
				AF0C87391F85465600F7FF4A /* Sources */,
				AF0C873A1F85465600F7FF4A /* Frameworks */,
				AF0C873B1F85465600F7FF4A /* Resources */,
				44DBBD3C7D59A98A196D8700 /* [CP] Embed Pods Frameworks */,
				C3263446B41EE78D43EDC5E9 /* [CP] Copy Pods Resources */,
			);
			buildRules = (
			);
			dependencies = (
				AF0C873F1F85465600F7FF4A /* PBXTargetDependency */,
			);
			name = NimbleTests;
			productName = NimbleTests;
			productReference = AF0C873D1F85465600F7FF4A /* NimbleTests.xctest */;
			productType = "com.apple.product-type.bundle.unit-test";
		};
/* End PBXNativeTarget section */

/* Begin PBXProject section */
		AF0C87211F85465500F7FF4A /* Project object */ = {
			isa = PBXProject;
			attributes = {
				LastSwiftUpdateCheck = 0900;
				LastUpgradeCheck = 0900;
				ORGANIZATIONNAME = neemo;
				TargetAttributes = {
					AF0C87281F85465500F7FF4A = {
						CreatedOnToolsVersion = 9.0;
						ProvisioningStyle = Automatic;
					};
					AF0C873C1F85465600F7FF4A = {
						CreatedOnToolsVersion = 9.0;
						ProvisioningStyle = Automatic;
						TestTargetID = AF0C87281F85465500F7FF4A;
					};
				};
			};
			buildConfigurationList = AF0C87241F85465500F7FF4A /* Build configuration list for PBXProject "Nimble" */;
			compatibilityVersion = "Xcode 8.0";
			developmentRegion = en;
			hasScannedForEncodings = 0;
			knownRegions = (
				en,
				Base,
			);
			mainGroup = AF0C87201F85465500F7FF4A;
			productRefGroup = AF0C872A1F85465500F7FF4A /* Products */;
			projectDirPath = "";
			projectRoot = "";
			targets = (
				AF0C87281F85465500F7FF4A /* Nimble */,
				AF0C873C1F85465600F7FF4A /* NimbleTests */,
			);
		};
/* End PBXProject section */

/* Begin PBXResourcesBuildPhase section */
		AF0C87271F85465500F7FF4A /* Resources */ = {
			isa = PBXResourcesBuildPhase;
			buildActionMask = 2147483647;
			files = (
				AF6440F31F85EA4E00A039D2 /* SurveyView.xib in Resources */,
				AF0C87371F85465500F7FF4A /* LaunchScreen.storyboard in Resources */,
				AF0C87341F85465500F7FF4A /* Assets.xcassets in Resources */,
				AF0C87321F85465500F7FF4A /* Main.storyboard in Resources */,
			);
			runOnlyForDeploymentPostprocessing = 0;
		};
		AF0C873B1F85465600F7FF4A /* Resources */ = {
			isa = PBXResourcesBuildPhase;
			buildActionMask = 2147483647;
			files = (
			);
			runOnlyForDeploymentPostprocessing = 0;
		};
/* End PBXResourcesBuildPhase section */

/* Begin PBXShellScriptBuildPhase section */
		44DBBD3C7D59A98A196D8700 /* [CP] Embed Pods Frameworks */ = {
			isa = PBXShellScriptBuildPhase;
			buildActionMask = 2147483647;
			files = (
			);
			inputPaths = (
				"${SRCROOT}/Pods/Target Support Files/Pods-NimbleTests/Pods-NimbleTests-frameworks.sh",
				"${BUILT_PRODUCTS_DIR}/Alamofire/Alamofire.framework",
				"${BUILT_PRODUCTS_DIR}/ObjectMapper/ObjectMapper.framework",
			);
			name = "[CP] Embed Pods Frameworks";
			outputPaths = (
				"${TARGET_BUILD_DIR}/${FRAMEWORKS_FOLDER_PATH}/Alamofire.framework",
				"${TARGET_BUILD_DIR}/${FRAMEWORKS_FOLDER_PATH}/ObjectMapper.framework",
			);
			runOnlyForDeploymentPostprocessing = 0;
			shellPath = /bin/sh;
			shellScript = "\"${SRCROOT}/Pods/Target Support Files/Pods-NimbleTests/Pods-NimbleTests-frameworks.sh\"\n";
			showEnvVarsInLog = 0;
		};
		8EC4927BD07039B82CD0BCDE /* [CP] Embed Pods Frameworks */ = {
			isa = PBXShellScriptBuildPhase;
			buildActionMask = 2147483647;
			files = (
			);
			inputPaths = (
				"${SRCROOT}/Pods/Target Support Files/Pods-Nimble/Pods-Nimble-frameworks.sh",
				"${BUILT_PRODUCTS_DIR}/Alamofire/Alamofire.framework",
				"${BUILT_PRODUCTS_DIR}/FSPagerView/FSPagerView.framework",
				"${BUILT_PRODUCTS_DIR}/ObjectMapper/ObjectMapper.framework",
				"${BUILT_PRODUCTS_DIR}/SDWebImage/SDWebImage.framework",
				"${BUILT_PRODUCTS_DIR}/SwiftSpinner/SwiftSpinner.framework",
			);
			name = "[CP] Embed Pods Frameworks";
			outputPaths = (
				"${TARGET_BUILD_DIR}/${FRAMEWORKS_FOLDER_PATH}/Alamofire.framework",
				"${TARGET_BUILD_DIR}/${FRAMEWORKS_FOLDER_PATH}/FSPagerView.framework",
				"${TARGET_BUILD_DIR}/${FRAMEWORKS_FOLDER_PATH}/ObjectMapper.framework",
				"${TARGET_BUILD_DIR}/${FRAMEWORKS_FOLDER_PATH}/SDWebImage.framework",
				"${TARGET_BUILD_DIR}/${FRAMEWORKS_FOLDER_PATH}/SwiftSpinner.framework",
			);
			runOnlyForDeploymentPostprocessing = 0;
			shellPath = /bin/sh;
			shellScript = "\"${SRCROOT}/Pods/Target Support Files/Pods-Nimble/Pods-Nimble-frameworks.sh\"\n";
			showEnvVarsInLog = 0;
		};
		AC3BDD4109E7B1CC5B276FDF /* [CP] Copy Pods Resources */ = {
			isa = PBXShellScriptBuildPhase;
			buildActionMask = 2147483647;
			files = (
			);
			inputPaths = (
			);
			name = "[CP] Copy Pods Resources";
			outputPaths = (
			);
			runOnlyForDeploymentPostprocessing = 0;
			shellPath = /bin/sh;
			shellScript = "\"${SRCROOT}/Pods/Target Support Files/Pods-Nimble/Pods-Nimble-resources.sh\"\n";
			showEnvVarsInLog = 0;
		};
		AD02FED95BDB5CDE8C9C06E0 /* [CP] Check Pods Manifest.lock */ = {
			isa = PBXShellScriptBuildPhase;
			buildActionMask = 2147483647;
			files = (
			);
			inputPaths = (
				"${PODS_PODFILE_DIR_PATH}/Podfile.lock",
				"${PODS_ROOT}/Manifest.lock",
			);
			name = "[CP] Check Pods Manifest.lock";
			outputPaths = (
				"$(DERIVED_FILE_DIR)/Pods-NimbleTests-checkManifestLockResult.txt",
			);
			runOnlyForDeploymentPostprocessing = 0;
			shellPath = /bin/sh;
			shellScript = "diff \"${PODS_PODFILE_DIR_PATH}/Podfile.lock\" \"${PODS_ROOT}/Manifest.lock\" > /dev/null\nif [ $? != 0 ] ; then\n    # print error to STDERR\n    echo \"error: The sandbox is not in sync with the Podfile.lock. Run 'pod install' or update your CocoaPods installation.\" >&2\n    exit 1\nfi\n# This output is used by Xcode 'outputs' to avoid re-running this script phase.\necho \"SUCCESS\" > \"${SCRIPT_OUTPUT_FILE_0}\"\n";
			showEnvVarsInLog = 0;
		};
		C3263446B41EE78D43EDC5E9 /* [CP] Copy Pods Resources */ = {
			isa = PBXShellScriptBuildPhase;
			buildActionMask = 2147483647;
			files = (
			);
			inputPaths = (
			);
			name = "[CP] Copy Pods Resources";
			outputPaths = (
			);
			runOnlyForDeploymentPostprocessing = 0;
			shellPath = /bin/sh;
			shellScript = "\"${SRCROOT}/Pods/Target Support Files/Pods-NimbleTests/Pods-NimbleTests-resources.sh\"\n";
			showEnvVarsInLog = 0;
		};
		EE2B3450A134D74B7934B9B3 /* [CP] Check Pods Manifest.lock */ = {
			isa = PBXShellScriptBuildPhase;
			buildActionMask = 2147483647;
			files = (
			);
			inputPaths = (
				"${PODS_PODFILE_DIR_PATH}/Podfile.lock",
				"${PODS_ROOT}/Manifest.lock",
			);
			name = "[CP] Check Pods Manifest.lock";
			outputPaths = (
				"$(DERIVED_FILE_DIR)/Pods-Nimble-checkManifestLockResult.txt",
			);
			runOnlyForDeploymentPostprocessing = 0;
			shellPath = /bin/sh;
			shellScript = "diff \"${PODS_PODFILE_DIR_PATH}/Podfile.lock\" \"${PODS_ROOT}/Manifest.lock\" > /dev/null\nif [ $? != 0 ] ; then\n    # print error to STDERR\n    echo \"error: The sandbox is not in sync with the Podfile.lock. Run 'pod install' or update your CocoaPods installation.\" >&2\n    exit 1\nfi\n# This output is used by Xcode 'outputs' to avoid re-running this script phase.\necho \"SUCCESS\" > \"${SCRIPT_OUTPUT_FILE_0}\"\n";
			showEnvVarsInLog = 0;
		};
/* End PBXShellScriptBuildPhase section */

/* Begin PBXSourcesBuildPhase section */
		AF0C87251F85465500F7FF4A /* Sources */ = {
			isa = PBXSourcesBuildPhase;
			buildActionMask = 2147483647;
			files = (
				AF0C87591F855C4D00F7FF4A /* AuthRouter.swift in Sources */,
				AF0C872F1F85465500F7FF4A /* ViewController.swift in Sources */,
				AF0C875E1F855CDB00F7FF4A /* NetworkOperation.swift in Sources */,
				AF0C875B1F855C4D00F7FF4A /* SessionModel.swift in Sources */,
				AF0C87691F85779700F7FF4A /* GetSurvey.swift in Sources */,
				AF0C876D1F85779700F7FF4A /* ListSurveyWorker.swift in Sources */,
				AF0C87571F855C4D00F7FF4A /* AuthInteractor.swift in Sources */,
				AF0C876E1F85779700F7FF4A /* SurveyAPIStore.swift in Sources */,
				AF0C872D1F85465500F7FF4A /* AppDelegate.swift in Sources */,
				AF0C87561F855C4D00F7FF4A /* AuthAPIStore.swift in Sources */,
				AF0C876C1F85779700F7FF4A /* ListSurveyPresenter.swift in Sources */,
				AF0C876B1F85779700F7FF4A /* ListSurveyInteractor.swift in Sources */,
				AF0C87581F855C4D00F7FF4A /* AuthPresenter.swift in Sources */,
				AF0C876F1F85779700F7FF4A /* SurveyModel.swift in Sources */,
				AF0C876A1F85779700F7FF4A /* ListSurvey.swift in Sources */,
				AF0C87551F855C4D00F7FF4A /* Auth.swift in Sources */,
				AF0C87601F855E5500F7FF4A /* Login.swift in Sources */,
				AF0C875A1F855C4D00F7FF4A /* AuthWorker.swift in Sources */,
				AF6440F51F85F67B00A039D2 /* SurveyView.swift in Sources */,
			);
			runOnlyForDeploymentPostprocessing = 0;
		};
		AF0C87391F85465600F7FF4A /* Sources */ = {
			isa = PBXSourcesBuildPhase;
			buildActionMask = 2147483647;
			files = (
				AF0C87421F85465600F7FF4A /* NimbleTests.swift in Sources */,
			);
			runOnlyForDeploymentPostprocessing = 0;
		};
/* End PBXSourcesBuildPhase section */

/* Begin PBXTargetDependency section */
		AF0C873F1F85465600F7FF4A /* PBXTargetDependency */ = {
			isa = PBXTargetDependency;
			target = AF0C87281F85465500F7FF4A /* Nimble */;
			targetProxy = AF0C873E1F85465600F7FF4A /* PBXContainerItemProxy */;
		};
/* End PBXTargetDependency section */

/* Begin PBXVariantGroup section */
		AF0C87301F85465500F7FF4A /* Main.storyboard */ = {
			isa = PBXVariantGroup;
			children = (
				AF0C87311F85465500F7FF4A /* Base */,
			);
			name = Main.storyboard;
			sourceTree = "<group>";
		};
		AF0C87351F85465500F7FF4A /* LaunchScreen.storyboard */ = {
			isa = PBXVariantGroup;
			children = (
				AF0C87361F85465500F7FF4A /* Base */,
			);
			name = LaunchScreen.storyboard;
			sourceTree = "<group>";
		};
/* End PBXVariantGroup section */

/* Begin XCBuildConfiguration section */
		AF0C87441F85465600F7FF4A /* Debug */ = {
			isa = XCBuildConfiguration;
			buildSettings = {
				ALWAYS_SEARCH_USER_PATHS = NO;
				CLANG_ANALYZER_NONNULL = YES;
				CLANG_ANALYZER_NUMBER_OBJECT_CONVERSION = YES_AGGRESSIVE;
				CLANG_CXX_LANGUAGE_STANDARD = "gnu++14";
				CLANG_CXX_LIBRARY = "libc++";
				CLANG_ENABLE_MODULES = YES;
				CLANG_ENABLE_OBJC_ARC = YES;
				CLANG_WARN_BLOCK_CAPTURE_AUTORELEASING = YES;
				CLANG_WARN_BOOL_CONVERSION = YES;
				CLANG_WARN_COMMA = YES;
				CLANG_WARN_CONSTANT_CONVERSION = YES;
				CLANG_WARN_DIRECT_OBJC_ISA_USAGE = YES_ERROR;
				CLANG_WARN_DOCUMENTATION_COMMENTS = YES;
				CLANG_WARN_EMPTY_BODY = YES;
				CLANG_WARN_ENUM_CONVERSION = YES;
				CLANG_WARN_INFINITE_RECURSION = YES;
				CLANG_WARN_INT_CONVERSION = YES;
				CLANG_WARN_NON_LITERAL_NULL_CONVERSION = YES;
				CLANG_WARN_OBJC_LITERAL_CONVERSION = YES;
				CLANG_WARN_OBJC_ROOT_CLASS = YES_ERROR;
				CLANG_WARN_RANGE_LOOP_ANALYSIS = YES;
				CLANG_WARN_STRICT_PROTOTYPES = YES;
				CLANG_WARN_SUSPICIOUS_MOVE = YES;
				CLANG_WARN_UNGUARDED_AVAILABILITY = YES_AGGRESSIVE;
				CLANG_WARN_UNREACHABLE_CODE = YES;
				CLANG_WARN__DUPLICATE_METHOD_MATCH = YES;
				CODE_SIGN_IDENTITY = "iPhone Developer";
				COPY_PHASE_STRIP = NO;
				DEBUG_INFORMATION_FORMAT = dwarf;
				ENABLE_STRICT_OBJC_MSGSEND = YES;
				ENABLE_TESTABILITY = YES;
				GCC_C_LANGUAGE_STANDARD = gnu11;
				GCC_DYNAMIC_NO_PIC = NO;
				GCC_NO_COMMON_BLOCKS = YES;
				GCC_OPTIMIZATION_LEVEL = 0;
				GCC_PREPROCESSOR_DEFINITIONS = (
					"DEBUG=1",
					"$(inherited)",
				);
				GCC_WARN_64_TO_32_BIT_CONVERSION = YES;
				GCC_WARN_ABOUT_RETURN_TYPE = YES_ERROR;
				GCC_WARN_UNDECLARED_SELECTOR = YES;
				GCC_WARN_UNINITIALIZED_AUTOS = YES_AGGRESSIVE;
				GCC_WARN_UNUSED_FUNCTION = YES;
				GCC_WARN_UNUSED_VARIABLE = YES;
				IPHONEOS_DEPLOYMENT_TARGET = 11.0;
				MTL_ENABLE_DEBUG_INFO = YES;
				ONLY_ACTIVE_ARCH = YES;
				SDKROOT = iphoneos;
				SWIFT_ACTIVE_COMPILATION_CONDITIONS = DEBUG;
				SWIFT_OPTIMIZATION_LEVEL = "-Onone";
			};
			name = Debug;
		};
		AF0C87451F85465600F7FF4A /* Release */ = {
			isa = XCBuildConfiguration;
			buildSettings = {
				ALWAYS_SEARCH_USER_PATHS = NO;
				CLANG_ANALYZER_NONNULL = YES;
				CLANG_ANALYZER_NUMBER_OBJECT_CONVERSION = YES_AGGRESSIVE;
				CLANG_CXX_LANGUAGE_STANDARD = "gnu++14";
				CLANG_CXX_LIBRARY = "libc++";
				CLANG_ENABLE_MODULES = YES;
				CLANG_ENABLE_OBJC_ARC = YES;
				CLANG_WARN_BLOCK_CAPTURE_AUTORELEASING = YES;
				CLANG_WARN_BOOL_CONVERSION = YES;
				CLANG_WARN_COMMA = YES;
				CLANG_WARN_CONSTANT_CONVERSION = YES;
				CLANG_WARN_DIRECT_OBJC_ISA_USAGE = YES_ERROR;
				CLANG_WARN_DOCUMENTATION_COMMENTS = YES;
				CLANG_WARN_EMPTY_BODY = YES;
				CLANG_WARN_ENUM_CONVERSION = YES;
				CLANG_WARN_INFINITE_RECURSION = YES;
				CLANG_WARN_INT_CONVERSION = YES;
				CLANG_WARN_NON_LITERAL_NULL_CONVERSION = YES;
				CLANG_WARN_OBJC_LITERAL_CONVERSION = YES;
				CLANG_WARN_OBJC_ROOT_CLASS = YES_ERROR;
				CLANG_WARN_RANGE_LOOP_ANALYSIS = YES;
				CLANG_WARN_STRICT_PROTOTYPES = YES;
				CLANG_WARN_SUSPICIOUS_MOVE = YES;
				CLANG_WARN_UNGUARDED_AVAILABILITY = YES_AGGRESSIVE;
				CLANG_WARN_UNREACHABLE_CODE = YES;
				CLANG_WARN__DUPLICATE_METHOD_MATCH = YES;
				CODE_SIGN_IDENTITY = "iPhone Developer";
				COPY_PHASE_STRIP = NO;
				DEBUG_INFORMATION_FORMAT = "dwarf-with-dsym";
				ENABLE_NS_ASSERTIONS = NO;
				ENABLE_STRICT_OBJC_MSGSEND = YES;
				GCC_C_LANGUAGE_STANDARD = gnu11;
				GCC_NO_COMMON_BLOCKS = YES;
				GCC_WARN_64_TO_32_BIT_CONVERSION = YES;
				GCC_WARN_ABOUT_RETURN_TYPE = YES_ERROR;
				GCC_WARN_UNDECLARED_SELECTOR = YES;
				GCC_WARN_UNINITIALIZED_AUTOS = YES_AGGRESSIVE;
				GCC_WARN_UNUSED_FUNCTION = YES;
				GCC_WARN_UNUSED_VARIABLE = YES;
				IPHONEOS_DEPLOYMENT_TARGET = 11.0;
				MTL_ENABLE_DEBUG_INFO = NO;
				SDKROOT = iphoneos;
				SWIFT_OPTIMIZATION_LEVEL = "-Owholemodule";
				VALIDATE_PRODUCT = YES;
			};
			name = Release;
		};
		AF0C87471F85465600F7FF4A /* Debug */ = {
			isa = XCBuildConfiguration;
			baseConfigurationReference = C1823DF4AA0992B2F0EB8381 /* Pods-Nimble.debug.xcconfig */;
			buildSettings = {
				ASSETCATALOG_COMPILER_APPICON_NAME = AppIcon;
				CODE_SIGN_STYLE = Automatic;
				DEVELOPMENT_TEAM = WJ6P7HJX88;
				INFOPLIST_FILE = Nimble/Info.plist;
				LD_RUNPATH_SEARCH_PATHS = "$(inherited) @executable_path/Frameworks";
				PRODUCT_BUNDLE_IDENTIFIER = com.neemo.Nimble;
				PRODUCT_NAME = "$(TARGET_NAME)";
				SWIFT_VERSION = 3.0;
				TARGETED_DEVICE_FAMILY = "1,2";
			};
			name = Debug;
		};
		AF0C87481F85465600F7FF4A /* Release */ = {
			isa = XCBuildConfiguration;
			baseConfigurationReference = 9CF47C1357340390E0D326D5 /* Pods-Nimble.release.xcconfig */;
			buildSettings = {
				ASSETCATALOG_COMPILER_APPICON_NAME = AppIcon;
				CODE_SIGN_STYLE = Automatic;
				DEVELOPMENT_TEAM = WJ6P7HJX88;
				INFOPLIST_FILE = Nimble/Info.plist;
				LD_RUNPATH_SEARCH_PATHS = "$(inherited) @executable_path/Frameworks";
				PRODUCT_BUNDLE_IDENTIFIER = com.neemo.Nimble;
				PRODUCT_NAME = "$(TARGET_NAME)";
				SWIFT_VERSION = 3.0;
				TARGETED_DEVICE_FAMILY = "1,2";
			};
			name = Release;
		};
		AF0C874A1F85465600F7FF4A /* Debug */ = {
			isa = XCBuildConfiguration;
			baseConfigurationReference = 495C8C485164EF7146D43430 /* Pods-NimbleTests.debug.xcconfig */;
			buildSettings = {
				ALWAYS_EMBED_SWIFT_STANDARD_LIBRARIES = YES;
				BUNDLE_LOADER = "$(TEST_HOST)";
				CODE_SIGN_STYLE = Automatic;
				DEVELOPMENT_TEAM = WJ6P7HJX88;
				INFOPLIST_FILE = NimbleTests/Info.plist;
				LD_RUNPATH_SEARCH_PATHS = "$(inherited) @executable_path/Frameworks @loader_path/Frameworks";
				PRODUCT_BUNDLE_IDENTIFIER = com.neemo.NimbleTests;
				PRODUCT_NAME = "$(TARGET_NAME)";
				SWIFT_VERSION = 3.0;
				TARGETED_DEVICE_FAMILY = "1,2";
				TEST_HOST = "$(BUILT_PRODUCTS_DIR)/Nimble.app/Nimble";
			};
			name = Debug;
		};
		AF0C874B1F85465600F7FF4A /* Release */ = {
			isa = XCBuildConfiguration;
			baseConfigurationReference = 05094D521F850CA220138248 /* Pods-NimbleTests.release.xcconfig */;
			buildSettings = {
				ALWAYS_EMBED_SWIFT_STANDARD_LIBRARIES = YES;
				BUNDLE_LOADER = "$(TEST_HOST)";
				CODE_SIGN_STYLE = Automatic;
				DEVELOPMENT_TEAM = WJ6P7HJX88;
				INFOPLIST_FILE = NimbleTests/Info.plist;
				LD_RUNPATH_SEARCH_PATHS = "$(inherited) @executable_path/Frameworks @loader_path/Frameworks";
				PRODUCT_BUNDLE_IDENTIFIER = com.neemo.NimbleTests;
				PRODUCT_NAME = "$(TARGET_NAME)";
				SWIFT_VERSION = 3.0;
				TARGETED_DEVICE_FAMILY = "1,2";
				TEST_HOST = "$(BUILT_PRODUCTS_DIR)/Nimble.app/Nimble";
			};
			name = Release;
		};
/* End XCBuildConfiguration section */

/* Begin XCConfigurationList section */
		AF0C87241F85465500F7FF4A /* Build configuration list for PBXProject "Nimble" */ = {
			isa = XCConfigurationList;
			buildConfigurations = (
				AF0C87441F85465600F7FF4A /* Debug */,
				AF0C87451F85465600F7FF4A /* Release */,
			);
			defaultConfigurationIsVisible = 0;
			defaultConfigurationName = Release;
		};
		AF0C87461F85465600F7FF4A /* Build configuration list for PBXNativeTarget "Nimble" */ = {
			isa = XCConfigurationList;
			buildConfigurations = (
				AF0C87471F85465600F7FF4A /* Debug */,
				AF0C87481F85465600F7FF4A /* Release */,
			);
			defaultConfigurationIsVisible = 0;
			defaultConfigurationName = Release;
		};
		AF0C87491F85465600F7FF4A /* Build configuration list for PBXNativeTarget "NimbleTests" */ = {
			isa = XCConfigurationList;
			buildConfigurations = (
				AF0C874A1F85465600F7FF4A /* Debug */,
				AF0C874B1F85465600F7FF4A /* Release */,
			);
			defaultConfigurationIsVisible = 0;
			defaultConfigurationName = Release;
		};
/* End XCConfigurationList section */
	};
	rootObject = AF0C87211F85465500F7FF4A /* Project object */;
}
